[[tools."aqua:BurntSushi/ripgrep"]]
version = "15.1.0"
backend = "aqua:BurntSushi/ripgrep"

[[tools."aqua:aws/aws-cli"]]
version = "2.33.8"
backend = "aqua:aws/aws-cli"

[tools."aqua:aws/aws-cli".platforms.linux-x64]
checksum = "blake3:90e22f0b33eba2bc2b22a70ca9c190a05c208730783b9479e297864f7e1e5005"
size = 66897224
url = "https://awscli.amazonaws.com/awscli-exe-linux-x86_64-2.33.8.zip"

[[tools."aqua:casey/just"]]
version = "1.46.0"
backend = "aqua:casey/just"

[tools."aqua:casey/just".platforms.linux-x64]
checksum = "sha256:79966e6e353f535ee7d1c6221641bcc8e3381c55b0d0a6dc6e54b34f9db36eaa"
size = 2007171
url = "https://github.com/casey/just/releases/download/1.46.0/just-1.46.0-x86_64-unknown-linux-musl.tar.gz"

[[tools."aqua:chmln/sd"]]
version = "1.0.0"
backend = "aqua:chmln/sd"

[[tools."aqua:cli/cli"]]
version = "2.86.0"
backend = "aqua:cli/cli"

[tools."aqua:cli/cli".platforms.linux-x64]
checksum = "sha256:f3b08bd6a28420cc2229b0a1a687fa25f2b838d3f04b297414c1041ca68103c7"
size = 13627589
url = "https://github.com/cli/cli/releases/download/v2.86.0/gh_2.86.0_linux_amd64.tar.gz"

[[tools."aqua:dandavison/delta"]]
version = "0.18.2"
backend = "aqua:dandavison/delta"

[[tools."aqua:derailed/k9s"]]
version = "0.50.18"
backend = "aqua:derailed/k9s"

[tools."aqua:derailed/k9s".platforms.linux-x64]
checksum = "sha256:0b697ed4aa80997f7de4deeed6f1fba73df191b28bf691b1f28d2f45fa2a9e9b"
size = 40317994
url = "https://github.com/derailed/k9s/releases/download/v0.50.18/k9s_Linux_amd64.tar.gz"

[[tools."aqua:direnv/direnv"]]
version = "2.37.1"
backend = "aqua:direnv/direnv"

[[tools."aqua:eza-community/eza"]]
version = "0.23.4"
backend = "aqua:eza-community/eza"

[[tools."aqua:go-task/task"]]
version = "3.48.0"
backend = "aqua:go-task/task"

[tools."aqua:go-task/task".platforms.linux-x64]
checksum = "sha256:f4bfc4eef1b2557b262f3cc0a79976a421885cb7b9e71cfe75568a2ebe4d7ae5"
size = 15070834
url = "https://github.com/go-task/task/releases/download/v3.48.0/task_linux_amd64.tar.gz"

[[tools."aqua:grafana/tanka"]]
version = "0.36.3"
backend = "aqua:grafana/tanka"

[tools."aqua:grafana/tanka".platforms.linux-x64]
checksum = "sha256:9f385d799b5ccaed930d797499b33176e96952a1586aee959fc7eda7fd9061bb"
size = 20668600
url = "https://github.com/grafana/tanka/releases/download/v0.36.3/tk-linux-amd64"

[[tools."aqua:helm/helm"]]
version = "4.1.0"
backend = "aqua:helm/helm"

[tools."aqua:helm/helm".platforms.linux-x64]
checksum = "sha256:8e7ae5cb890c56f53713bffec38e41cd8e7e4619ebe56f8b31cd383bfb3dbb83"
size = 19316695
url = "https://get.helm.sh/helm-v4.1.0-linux-amd64.tar.gz"

[[tools."aqua:helmfile/helmfile"]]
version = "1.2.3"
backend = "aqua:helmfile/helmfile"

[tools."aqua:helmfile/helmfile".platforms.linux-x64]
checksum = "sha256:e238185ff094ecf41d81f2938711569803698355c7fc6081fa047bfa27b4c55c"
size = 42255415
url = "https://github.com/helmfile/helmfile/releases/download/v1.2.3/helmfile_1.2.3_linux_amd64.tar.gz"

[[tools."aqua:jsonnet-bundler/jsonnet-bundler"]]
version = "0.6.0"
backend = "aqua:jsonnet-bundler/jsonnet-bundler"

[[tools."aqua:juliosueiras/terraform-lsp"]]
version = "0.0.12"
backend = "aqua:juliosueiras/terraform-lsp"

[[tools."aqua:junegunn/fzf"]]
version = "0.67.0"
backend = "aqua:junegunn/fzf"

[tools."aqua:junegunn/fzf".platforms.linux-x64]
checksum = "sha256:4be08018ca37b32518c608741933ea335a406de3558242b60619e98f25be2be1"
size = 1801722
url = "https://github.com/junegunn/fzf/releases/download/v0.67.0/fzf-0.67.0-linux_amd64.tar.gz"

[[tools."aqua:kcl-lang/cli"]]
version = "0.12.3"
backend = "aqua:kcl-lang/cli"

[tools."aqua:kcl-lang/cli".platforms.linux-x64]
checksum = "sha256:c7bb8693e2953cc8e44620ebac6bba4c40663cef1642ee2c826f78171ba1cd6c"
size = 45297628
url = "https://github.com/kcl-lang/cli/releases/download/v0.12.3/kcl-v0.12.3-linux-amd64.tar.gz"

[[tools."aqua:kubernetes-sigs/kind"]]
version = "0.31.0"
backend = "aqua:kubernetes-sigs/kind"

[tools."aqua:kubernetes-sigs/kind".platforms.linux-x64]
checksum = "sha256:eb244cbafcc157dff60cf68693c14c9a75c4e6e6fedaf9cd71c58117cb93e3fa"
size = 11097044
url = "https://github.com/kubernetes-sigs/kind/releases/download/v0.31.0/kind-linux-amd64"

[[tools."aqua:kubernetes-sigs/krew"]]
version = "0.4.5"
backend = "aqua:kubernetes-sigs/krew"

[tools."aqua:kubernetes-sigs/krew".platforms.linux-x64]
checksum = "sha256:bacc06800bda14ec063cd0b6f377a961fdf4661c00366bf9834723cd28bfabc7"
size = 5054827
url = "https://github.com/kubernetes-sigs/krew/releases/download/v0.4.5/krew-linux_amd64.tar.gz"

[[tools."aqua:kubernetes-sigs/kustomize"]]
version = "5.8.0"
backend = "aqua:kubernetes-sigs/kustomize"

[[tools."aqua:kubernetes/minikube"]]
version = "1.37.0"
backend = "aqua:kubernetes/minikube"

[[tools."aqua:sharkdp/bat"]]
version = "0.26.1"
backend = "aqua:sharkdp/bat"

[tools."aqua:sharkdp/bat".platforms.linux-x64]
checksum = "sha256:0dcd8ac79732c0d5b136f11f4ee00e581440e16a44eab5b3105b611bbf2cf191"
size = 3584928
url = "https://github.com/sharkdp/bat/releases/download/v0.26.1/bat-v0.26.1-x86_64-unknown-linux-musl.tar.gz"

[[tools."aqua:starship/starship"]]
version = "1.24.2"
backend = "aqua:starship/starship"

[tools."aqua:starship/starship".platforms.linux-x64]
checksum = "sha256:00ff3c1f8ffb59b5c15d4b44c076bcca04d92cf0055c86b916248c14f3ae714a"
size = 4996134
url = "https://github.com/starship/starship/releases/download/v1.24.2/starship-x86_64-unknown-linux-musl.tar.gz"

[[tools."aqua:stefanprodan/timoni"]]
version = "0.25.2"
backend = "aqua:stefanprodan/timoni"

[[tools."aqua:sxyazi/yazi"]]
version = "26.1.22"
backend = "aqua:sxyazi/yazi"

[tools."aqua:sxyazi/yazi".platforms.linux-x64]
checksum = "sha256:b977351968206c0b78d2ef5bf21351685cc191b58a4c7e1c98c37db5d0a381f8"
size = 10705023
url = "https://github.com/sxyazi/yazi/releases/download/v26.1.22/yazi-x86_64-unknown-linux-musl.zip"

[[tools."aqua:tfutils/tfenv"]]
version = "3.0.0"
backend = "aqua:tfutils/tfenv"

[[tools."aqua:tree-sitter/tree-sitter"]]
version = "0.26.3"
backend = "aqua:tree-sitter/tree-sitter"

[tools."aqua:tree-sitter/tree-sitter".platforms.linux-x64]
checksum = "sha256:4f65c8d9ba32a3e37198302569b3306f037f12d8313e3f28cdf1b80c9f2b3a3a"
size = 7775967
url = "https://github.com/tree-sitter/tree-sitter/releases/download/v0.26.3/tree-sitter-linux-x64.gz"

[[tools."aqua:turbot/steampipe"]]
version = "2.3.4"
backend = "aqua:turbot/steampipe"

[tools."aqua:turbot/steampipe".platforms.linux-x64]
checksum = "sha256:633129c9ccb931965f63bf742961e1c575938dab77834e34539ca807c6361e22"
size = 19719039
url = "https://github.com/turbot/steampipe/releases/download/v2.3.4/steampipe_linux_amd64.tar.gz"

[[tools."npm:@anthropic-ai/claude-code"]]
version = "2.1.20"
backend = "npm:@anthropic-ai/claude-code"

[[tools."npm:@google/gemini-cli"]]
version = "0.25.2"
backend = "npm:@google/gemini-cli"

[[tools.usage]]
version = "2.15.0"
backend = "aqua:jdx/usage"

[tools.usage.platforms.linux-x64]
checksum = "sha256:48df61e87ee6f547bc2af9b01e90f0ae3c8e7c8c684ed2343b3ccd5aed4bbed2"
size = 2767132
url = "https://github.com/jdx/usage/releases/download/v2.15.0/usage-x86_64-unknown-linux-musl.tar.gz"
